// !$*UTF8*$!
{
	archiveVersion = 1;
	classes = {
	};
	objectVersion = 50;
	objects = {

/* Begin PBXBuildFile section */
		83699C202390435700822C0A /* ShowAllOptionsView.swift in Sources */ = {isa = PBXBuildFile; fileRef = 83699C1F2390435700822C0A /* ShowAllOptionsView.swift */; };
		83865910243688120031FFF9 /* ActionButton.swift in Sources */ = {isa = PBXBuildFile; fileRef = 8386590F243688120031FFF9 /* ActionButton.swift */; };
		8386591224368DA70031FFF9 /* ColorExtension.swift in Sources */ = {isa = PBXBuildFile; fileRef = 8386591124368DA70031FFF9 /* ColorExtension.swift */; };
		838659142436A1DE0031FFF9 /* TitleText.swift in Sources */ = {isa = PBXBuildFile; fileRef = 838659132436A1DE0031FFF9 /* TitleText.swift */; };
		8386592C2436A6EA0031FFF9 /* Teko-Bold.ttf in Resources */ = {isa = PBXBuildFile; fileRef = 838659272436A6EA0031FFF9 /* Teko-Bold.ttf */; };
		8386592D2436A6EA0031FFF9 /* Teko-SemiBold.ttf in Resources */ = {isa = PBXBuildFile; fileRef = 838659282436A6EA0031FFF9 /* Teko-SemiBold.ttf */; };
		8386592E2436A6EA0031FFF9 /* Teko-Light.ttf in Resources */ = {isa = PBXBuildFile; fileRef = 838659292436A6EA0031FFF9 /* Teko-Light.ttf */; };
		8386592F2436A6EA0031FFF9 /* Teko-Regular.ttf in Resources */ = {isa = PBXBuildFile; fileRef = 8386592A2436A6EA0031FFF9 /* Teko-Regular.ttf */; };
		838659302436A6EA0031FFF9 /* Teko-Medium.ttf in Resources */ = {isa = PBXBuildFile; fileRef = 8386592B2436A6EA0031FFF9 /* Teko-Medium.ttf */; };
		83B5B3E7241099D50091C9C8 /* PlaceDetailView.swift in Sources */ = {isa = PBXBuildFile; fileRef = 83B5B3E6241099D50091C9C8 /* PlaceDetailView.swift */; };
		83EEB197238F26CB00A9C785 /* AppDelegate.swift in Sources */ = {isa = PBXBuildFile; fileRef = 83EEB196238F26CB00A9C785 /* AppDelegate.swift */; };
		83EEB199238F26CB00A9C785 /* SceneDelegate.swift in Sources */ = {isa = PBXBuildFile; fileRef = 83EEB198238F26CB00A9C785 /* SceneDelegate.swift */; };
		83EEB19B238F26CB00A9C785 /* WelcomeScreen.swift in Sources */ = {isa = PBXBuildFile; fileRef = 83EEB19A238F26CB00A9C785 /* WelcomeScreen.swift */; };
		83EEB19D238F26CC00A9C785 /* Assets.xcassets in Resources */ = {isa = PBXBuildFile; fileRef = 83EEB19C238F26CC00A9C785 /* Assets.xcassets */; };
		83EEB1A0238F26CC00A9C785 /* Preview Assets.xcassets in Resources */ = {isa = PBXBuildFile; fileRef = 83EEB19F238F26CC00A9C785 /* Preview Assets.xcassets */; };
		83EEB1A3238F26CC00A9C785 /* LaunchScreen.storyboard in Resources */ = {isa = PBXBuildFile; fileRef = 83EEB1A1238F26CC00A9C785 /* LaunchScreen.storyboard */; };
		83EEB1AC238F26F600A9C785 /* LoginRegisterView.swift in Sources */ = {isa = PBXBuildFile; fileRef = 83EEB1AB238F26F600A9C785 /* LoginRegisterView.swift */; };
/* End PBXBuildFile section */

/* Begin PBXFileReference section */
		83699C1F2390435700822C0A /* ShowAllOptionsView.swift */ = {isa = PBXFileReference; lastKnownFileType = sourcecode.swift; path = ShowAllOptionsView.swift; sourceTree = "<group>"; };
		8386590F243688120031FFF9 /* ActionButton.swift */ = {isa = PBXFileReference; lastKnownFileType = sourcecode.swift; path = ActionButton.swift; sourceTree = "<group>"; };
		8386591124368DA70031FFF9 /* ColorExtension.swift */ = {isa = PBXFileReference; lastKnownFileType = sourcecode.swift; path = ColorExtension.swift; sourceTree = "<group>"; };
		838659132436A1DE0031FFF9 /* TitleText.swift */ = {isa = PBXFileReference; lastKnownFileType = sourcecode.swift; path = TitleText.swift; sourceTree = "<group>"; };
		838659272436A6EA0031FFF9 /* Teko-Bold.ttf */ = {isa = PBXFileReference; lastKnownFileType = file; path = "Teko-Bold.ttf"; sourceTree = "<group>"; };
		838659282436A6EA0031FFF9 /* Teko-SemiBold.ttf */ = {isa = PBXFileReference; lastKnownFileType = file; path = "Teko-SemiBold.ttf"; sourceTree = "<group>"; };
		838659292436A6EA0031FFF9 /* Teko-Light.ttf */ = {isa = PBXFileReference; lastKnownFileType = file; path = "Teko-Light.ttf"; sourceTree = "<group>"; };
		8386592A2436A6EA0031FFF9 /* Teko-Regular.ttf */ = {isa = PBXFileReference; lastKnownFileType = file; path = "Teko-Regular.ttf"; sourceTree = "<group>"; };
		8386592B2436A6EA0031FFF9 /* Teko-Medium.ttf */ = {isa = PBXFileReference; lastKnownFileType = file; path = "Teko-Medium.ttf"; sourceTree = "<group>"; };
		83B5B3E6241099D50091C9C8 /* PlaceDetailView.swift */ = {isa = PBXFileReference; lastKnownFileType = sourcecode.swift; path = PlaceDetailView.swift; sourceTree = "<group>"; };
		83EEB193238F26CB00A9C785 /* DestinationChooserV2.app */ = {isa = PBXFileReference; explicitFileType = wrapper.application; includeInIndex = 0; path = DestinationChooserV2.app; sourceTree = BUILT_PRODUCTS_DIR; };
		83EEB196238F26CB00A9C785 /* AppDelegate.swift */ = {isa = PBXFileReference; lastKnownFileType = sourcecode.swift; path = AppDelegate.swift; sourceTree = "<group>"; };
		83EEB198238F26CB00A9C785 /* SceneDelegate.swift */ = {isa = PBXFileReference; lastKnownFileType = sourcecode.swift; path = SceneDelegate.swift; sourceTree = "<group>"; };
		83EEB19A238F26CB00A9C785 /* WelcomeScreen.swift */ = {isa = PBXFileReference; lastKnownFileType = sourcecode.swift; path = WelcomeScreen.swift; sourceTree = "<group>"; };
		83EEB19C238F26CC00A9C785 /* Assets.xcassets */ = {isa = PBXFileReference; lastKnownFileType = folder.assetcatalog; path = Assets.xcassets; sourceTree = "<group>"; };
		83EEB19F238F26CC00A9C785 /* Preview Assets.xcassets */ = {isa = PBXFileReference; lastKnownFileType = folder.assetcatalog; path = "Preview Assets.xcassets"; sourceTree = "<group>"; };
		83EEB1A2238F26CC00A9C785 /* Base */ = {isa = PBXFileReference; lastKnownFileType = file.storyboard; name = Base; path = Base.lproj/LaunchScreen.storyboard; sourceTree = "<group>"; };
		83EEB1A4238F26CC00A9C785 /* Info.plist */ = {isa = PBXFileReference; lastKnownFileType = text.plist.xml; path = Info.plist; sourceTree = "<group>"; };
		83EEB1AB238F26F600A9C785 /* LoginRegisterView.swift */ = {isa = PBXFileReference; lastKnownFileType = sourcecode.swift; path = LoginRegisterView.swift; sourceTree = "<group>"; };
/* End PBXFileReference section */

/* Begin PBXFrameworksBuildPhase section */
		83EEB190238F26CB00A9C785 /* Frameworks */ = {
			isa = PBXFrameworksBuildPhase;
			buildActionMask = 2147483647;
			files = (
			);
			runOnlyForDeploymentPostprocessing = 0;
		};
/* End PBXFrameworksBuildPhase section */

/* Begin PBXGroup section */
		83699C1D2390425A00822C0A /* Models */ = {
			isa = PBXGroup;
			children = (
			);
			path = Models;
			sourceTree = "<group>";
		};
		83699C1E2390427100822C0A /* ViewModels */ = {
			isa = PBXGroup;
			children = (
			);
			path = ViewModels;
			sourceTree = "<group>";
		};
		838659262436A6D60031FFF9 /* Fonts */ = {
			isa = PBXGroup;
			children = (
				838659272436A6EA0031FFF9 /* Teko-Bold.ttf */,
				838659292436A6EA0031FFF9 /* Teko-Light.ttf */,
				8386592B2436A6EA0031FFF9 /* Teko-Medium.ttf */,
				8386592A2436A6EA0031FFF9 /* Teko-Regular.ttf */,
				838659282436A6EA0031FFF9 /* Teko-SemiBold.ttf */,
			);
			path = Fonts;
			sourceTree = "<group>";
		};
		83EEB18A238F26CB00A9C785 = {
			isa = PBXGroup;
			children = (
				83EEB195238F26CB00A9C785 /* DestinationChooserV2 */,
				83EEB194238F26CB00A9C785 /* Products */,
			);
			sourceTree = "<group>";
		};
		83EEB194238F26CB00A9C785 /* Products */ = {
			isa = PBXGroup;
			children = (
				83EEB193238F26CB00A9C785 /* DestinationChooserV2.app */,
			);
			name = Products;
			sourceTree = "<group>";
		};
		83EEB195238F26CB00A9C785 /* DestinationChooserV2 */ = {
			isa = PBXGroup;
			children = (
				838659262436A6D60031FFF9 /* Fonts */,
				83699C1E2390427100822C0A /* ViewModels */,
				83699C1D2390425A00822C0A /* Models */,
				83EEB1AA238F26D600A9C785 /* Views */,
				83EEB196238F26CB00A9C785 /* AppDelegate.swift */,
				83EEB198238F26CB00A9C785 /* SceneDelegate.swift */,
				83EEB19C238F26CC00A9C785 /* Assets.xcassets */,
				83EEB1A4238F26CC00A9C785 /* Info.plist */,
				83EEB19E238F26CC00A9C785 /* Preview Content */,
				8386591124368DA70031FFF9 /* ColorExtension.swift */,
			);
			path = DestinationChooserV2;
			sourceTree = "<group>";
		};
		83EEB19E238F26CC00A9C785 /* Preview Content */ = {
			isa = PBXGroup;
			children = (
				83EEB19F238F26CC00A9C785 /* Preview Assets.xcassets */,
			);
			path = "Preview Content";
			sourceTree = "<group>";
		};
		83EEB1AA238F26D600A9C785 /* Views */ = {
			isa = PBXGroup;
			children = (
				83EEB19A238F26CB00A9C785 /* WelcomeScreen.swift */,
				83EEB1AB238F26F600A9C785 /* LoginRegisterView.swift */,
				83EEB1A1238F26CC00A9C785 /* LaunchScreen.storyboard */,
				83699C1F2390435700822C0A /* ShowAllOptionsView.swift */,
				83B5B3E6241099D50091C9C8 /* PlaceDetailView.swift */,
				8386590F243688120031FFF9 /* ActionButton.swift */,
				838659132436A1DE0031FFF9 /* TitleText.swift */,
			);
			path = Views;
			sourceTree = "<group>";
		};
/* End PBXGroup section */

/* Begin PBXNativeTarget section */
		83EEB192238F26CB00A9C785 /* DestinationChooserV2 */ = {
			isa = PBXNativeTarget;
			buildConfigurationList = 83EEB1A7238F26CC00A9C785 /* Build configuration list for PBXNativeTarget "DestinationChooserV2" */;
			buildPhases = (
				83EEB18F238F26CB00A9C785 /* Sources */,
				83EEB190238F26CB00A9C785 /* Frameworks */,
				83EEB191238F26CB00A9C785 /* Resources */,
			);
			buildRules = (
			);
			dependencies = (
			);
			name = DestinationChooserV2;
			productName = DestinationChooserV2;
			productReference = 83EEB193238F26CB00A9C785 /* DestinationChooserV2.app */;
			productType = "com.apple.product-type.application";
		};
/* End PBXNativeTarget section */

/* Begin PBXProject section */
		83EEB18B238F26CB00A9C785 /* Project object */ = {
			isa = PBXProject;
			attributes = {
				LastSwiftUpdateCheck = 1120;
				LastUpgradeCheck = 1120;
				ORGANIZATIONNAME = "Jesse Miara";
				TargetAttributes = {
					83EEB192238F26CB00A9C785 = {
						CreatedOnToolsVersion = 11.2.1;
					};
				};
			};
			buildConfigurationList = 83EEB18E238F26CB00A9C785 /* Build configuration list for PBXProject "DestinationChooserV2" */;
			compatibilityVersion = "Xcode 9.3";
			developmentRegion = en;
			hasScannedForEncodings = 0;
			knownRegions = (
				en,
				Base,
			);
			mainGroup = 83EEB18A238F26CB00A9C785;
			productRefGroup = 83EEB194238F26CB00A9C785 /* Products */;
			projectDirPath = "";
			projectRoot = "";
			targets = (
				83EEB192238F26CB00A9C785 /* DestinationChooserV2 */,
			);
		};
/* End PBXProject section */

/* Begin PBXResourcesBuildPhase section */
		83EEB191238F26CB00A9C785 /* Resources */ = {
			isa = PBXResourcesBuildPhase;
			buildActionMask = 2147483647;
			files = (
				8386592F2436A6EA0031FFF9 /* Teko-Regular.ttf in Resources */,
				83EEB1A3238F26CC00A9C785 /* LaunchScreen.storyboard in Resources */,
				83EEB1A0238F26CC00A9C785 /* Preview Assets.xcassets in Resources */,
				8386592C2436A6EA0031FFF9 /* Teko-Bold.ttf in Resources */,
				838659302436A6EA0031FFF9 /* Teko-Medium.ttf in Resources */,
				8386592D2436A6EA0031FFF9 /* Teko-SemiBold.ttf in Resources */,
				8386592E2436A6EA0031FFF9 /* Teko-Light.ttf in Resources */,
				83EEB19D238F26CC00A9C785 /* Assets.xcassets in Resources */,
			);
			runOnlyForDeploymentPostprocessing = 0;
		};
/* End PBXResourcesBuildPhase section */

/* Begin PBXSourcesBuildPhase section */
		83EEB18F238F26CB00A9C785 /* Sources */ = {
			isa = PBXSourcesBuildPhase;
			buildActionMask = 2147483647;
			files = (
				83EEB197238F26CB00A9C785 /* AppDelegate.swift in Sources */,
				838659142436A1DE0031FFF9 /* TitleText.swift in Sources */,
				83B5B3E7241099D50091C9C8 /* PlaceDetailView.swift in Sources */,
				83865910243688120031FFF9 /* ActionButton.swift in Sources */,
				83EEB199238F26CB00A9C785 /* SceneDelegate.swift in Sources */,
				83EEB19B238F26CB00A9C785 /* WelcomeScreen.swift in Sources */,
				83EEB1AC238F26F600A9C785 /* LoginRegisterView.swift in Sources */,
				83699C202390435700822C0A /* ShowAllOptionsView.swift in Sources */,
				8386591224368DA70031FFF9 /* ColorExtension.swift in Sources */,
			);
			runOnlyForDeploymentPostprocessing = 0;
		};
/* End PBXSourcesBuildPhase section */

/* Begin PBXVariantGroup section */
		83EEB1A1238F26CC00A9C785 /* LaunchScreen.storyboard */ = {
			isa = PBXVariantGroup;
			children = (
				83EEB1A2238F26CC00A9C785 /* Base */,
			);
			name = LaunchScreen.storyboard;
			sourceTree = "<group>";
		};
/* End PBXVariantGroup section */

/* Begin XCBuildConfiguration section */
		83EEB1A5238F26CC00A9C785 /* Debug */ = {
			isa = XCBuildConfiguration;
			buildSettings = {
				ALWAYS_SEARCH_USER_PATHS = NO;
				CLANG_ANALYZER_NONNULL = YES;
				CLANG_ANALYZER_NUMBER_OBJECT_CONVERSION = YES_AGGRESSIVE;
				CLANG_CXX_LANGUAGE_STANDARD = "gnu++14";
				CLANG_CXX_LIBRARY = "libc++";
				CLANG_ENABLE_MODULES = YES;
				CLANG_ENABLE_OBJC_ARC = YES;
				CLANG_ENABLE_OBJC_WEAK = YES;
				CLANG_WARN_BLOCK_CAPTURE_AUTORELEASING = YES;
				CLANG_WARN_BOOL_CONVERSION = YES;
				CLANG_WARN_COMMA = YES;
				CLANG_WARN_CONSTANT_CONVERSION = YES;
				CLANG_WARN_DEPRECATED_OBJC_IMPLEMENTATIONS = YES;
				CLANG_WARN_DIRECT_OBJC_ISA_USAGE = YES_ERROR;
				CLANG_WARN_DOCUMENTATION_COMMENTS = YES;
				CLANG_WARN_EMPTY_BODY = YES;
				CLANG_WARN_ENUM_CONVERSION = YES;
				CLANG_WARN_INFINITE_RECURSION = YES;
				CLANG_WARN_INT_CONVERSION = YES;
				CLANG_WARN_NON_LITERAL_NULL_CONVERSION = YES;
				CLANG_WARN_OBJC_IMPLICIT_RETAIN_SELF = YES;
				CLANG_WARN_OBJC_LITERAL_CONVERSION = YES;
				CLANG_WARN_OBJC_ROOT_CLASS = YES_ERROR;
				CLANG_WARN_RANGE_LOOP_ANALYSIS = YES;
				CLANG_WARN_STRICT_PROTOTYPES = YES;
				CLANG_WARN_SUSPICIOUS_MOVE = YES;
				CLANG_WARN_UNGUARDED_AVAILABILITY = YES_AGGRESSIVE;
				CLANG_WARN_UNREACHABLE_CODE = YES;
				CLANG_WARN__DUPLICATE_METHOD_MATCH = YES;
				COPY_PHASE_STRIP = NO;
				DEBUG_INFORMATION_FORMAT = dwarf;
				ENABLE_STRICT_OBJC_MSGSEND = YES;
				ENABLE_TESTABILITY = YES;
				GCC_C_LANGUAGE_STANDARD = gnu11;
				GCC_DYNAMIC_NO_PIC = NO;
				GCC_NO_COMMON_BLOCKS = YES;
				GCC_OPTIMIZATION_LEVEL = 0;
				GCC_PREPROCESSOR_DEFINITIONS = (
					"DEBUG=1",
					"$(inherited)",
				);
				GCC_WARN_64_TO_32_BIT_CONVERSION = YES;
				GCC_WARN_ABOUT_RETURN_TYPE = YES_ERROR;
				GCC_WARN_UNDECLARED_SELECTOR = YES;
				GCC_WARN_UNINITIALIZED_AUTOS = YES_AGGRESSIVE;
				GCC_WARN_UNUSED_FUNCTION = YES;
				GCC_WARN_UNUSED_VARIABLE = YES;
				IPHONEOS_DEPLOYMENT_TARGET = 13.2;
				MTL_ENABLE_DEBUG_INFO = INCLUDE_SOURCE;
				MTL_FAST_MATH = YES;
				ONLY_ACTIVE_ARCH = YES;
				SDKROOT = iphoneos;
				SWIFT_ACTIVE_COMPILATION_CONDITIONS = DEBUG;
				SWIFT_OPTIMIZATION_LEVEL = "-Onone";
			};
			name = Debug;
		};
		83EEB1A6238F26CC00A9C785 /* Release */ = {
			isa = XCBuildConfiguration;
			buildSettings = {
				ALWAYS_SEARCH_USER_PATHS = NO;
				CLANG_ANALYZER_NONNULL = YES;
				CLANG_ANALYZER_NUMBER_OBJECT_CONVERSION = YES_AGGRESSIVE;
				CLANG_CXX_LANGUAGE_STANDARD = "gnu++14";
				CLANG_CXX_LIBRARY = "libc++";
				CLANG_ENABLE_MODULES = YES;
				CLANG_ENABLE_OBJC_ARC = YES;
				CLANG_ENABLE_OBJC_WEAK = YES;
				CLANG_WARN_BLOCK_CAPTURE_AUTORELEASING = YES;
				CLANG_WARN_BOOL_CONVERSION = YES;
				CLANG_WARN_COMMA = YES;
				CLANG_WARN_CONSTANT_CONVERSION = YES;
				CLANG_WARN_DEPRECATED_OBJC_IMPLEMENTATIONS = YES;
				CLANG_WARN_DIRECT_OBJC_ISA_USAGE = YES_ERROR;
				CLANG_WARN_DOCUMENTATION_COMMENTS = YES;
				CLANG_WARN_EMPTY_BODY = YES;
				CLANG_WARN_ENUM_CONVERSION = YES;
				CLANG_WARN_INFINITE_RECURSION = YES;
				CLANG_WARN_INT_CONVERSION = YES;
				CLANG_WARN_NON_LITERAL_NULL_CONVERSION = YES;
				CLANG_WARN_OBJC_IMPLICIT_RETAIN_SELF = YES;
				CLANG_WARN_OBJC_LITERAL_CONVERSION = YES;
				CLANG_WARN_OBJC_ROOT_CLASS = YES_ERROR;
				CLANG_WARN_RANGE_LOOP_ANALYSIS = YES;
				CLANG_WARN_STRICT_PROTOTYPES = YES;
				CLANG_WARN_SUSPICIOUS_MOVE = YES;
				CLANG_WARN_UNGUARDED_AVAILABILITY = YES_AGGRESSIVE;
				CLANG_WARN_UNREACHABLE_CODE = YES;
				CLANG_WARN__DUPLICATE_METHOD_MATCH = YES;
				COPY_PHASE_STRIP = NO;
				DEBUG_INFORMATION_FORMAT = "dwarf-with-dsym";
				ENABLE_NS_ASSERTIONS = NO;
				ENABLE_STRICT_OBJC_MSGSEND = YES;
				GCC_C_LANGUAGE_STANDARD = gnu11;
				GCC_NO_COMMON_BLOCKS = YES;
				GCC_WARN_64_TO_32_BIT_CONVERSION = YES;
				GCC_WARN_ABOUT_RETURN_TYPE = YES_ERROR;
				GCC_WARN_UNDECLARED_SELECTOR = YES;
				GCC_WARN_UNINITIALIZED_AUTOS = YES_AGGRESSIVE;
				GCC_WARN_UNUSED_FUNCTION = YES;
				GCC_WARN_UNUSED_VARIABLE = YES;
				IPHONEOS_DEPLOYMENT_TARGET = 13.2;
				MTL_ENABLE_DEBUG_INFO = NO;
				MTL_FAST_MATH = YES;
				SDKROOT = iphoneos;
				SWIFT_COMPILATION_MODE = wholemodule;
				SWIFT_OPTIMIZATION_LEVEL = "-O";
				VALIDATE_PRODUCT = YES;
			};
			name = Release;
		};
		83EEB1A8238F26CC00A9C785 /* Debug */ = {
			isa = XCBuildConfiguration;
			buildSettings = {
				ASSETCATALOG_COMPILER_APPICON_NAME = AppIcon;
				CODE_SIGN_STYLE = Automatic;
				DEVELOPMENT_ASSET_PATHS = "\"DestinationChooserV2/Preview Content\"";
				DEVELOPMENT_TEAM = ZGX8Z75SK4;
				ENABLE_PREVIEWS = YES;
				INFOPLIST_FILE = DestinationChooserV2/Info.plist;
				LD_RUNPATH_SEARCH_PATHS = (
					"$(inherited)",
					"@executable_path/Frameworks",
				);
				PRODUCT_BUNDLE_IDENTIFIER = com.jessemiara.DestinationChooserV2;
				PRODUCT_NAME = "$(TARGET_NAME)";
				SWIFT_VERSION = 5.0;
				TARGETED_DEVICE_FAMILY = "1,2";
			};
			name = Debug;
		};
		83EEB1A9238F26CC00A9C785 /* Release */ = {
			isa = XCBuildConfiguration;
			buildSettings = {
				ASSETCATALOG_COMPILER_APPICON_NAME = AppIcon;
				CODE_SIGN_STYLE = Automatic;
				DEVELOPMENT_ASSET_PATHS = "\"DestinationChooserV2/Preview Content\"";
				DEVELOPMENT_TEAM = ZGX8Z75SK4;
				ENABLE_PREVIEWS = YES;
				INFOPLIST_FILE = DestinationChooserV2/Info.plist;
				LD_RUNPATH_SEARCH_PATHS = (
					"$(inherited)",
					"@executable_path/Frameworks",
				);
				PRODUCT_BUNDLE_IDENTIFIER = com.jessemiara.DestinationChooserV2;
				PRODUCT_NAME = "$(TARGET_NAME)";
				SWIFT_VERSION = 5.0;
				TARGETED_DEVICE_FAMILY = "1,2";
			};
			name = Release;
		};
/* End XCBuildConfiguration section */

/* Begin XCConfigurationList section */
		83EEB18E238F26CB00A9C785 /* Build configuration list for PBXProject "DestinationChooserV2" */ = {
			isa = XCConfigurationList;
			buildConfigurations = (
				83EEB1A5238F26CC00A9C785 /* Debug */,
				83EEB1A6238F26CC00A9C785 /* Release */,
			);
			defaultConfigurationIsVisible = 0;
			defaultConfigurationName = Release;
		};
		83EEB1A7238F26CC00A9C785 /* Build configuration list for PBXNativeTarget "DestinationChooserV2" */ = {
			isa = XCConfigurationList;
			buildConfigurations = (
				83EEB1A8238F26CC00A9C785 /* Debug */,
				83EEB1A9238F26CC00A9C785 /* Release */,
			);
			defaultConfigurationIsVisible = 0;
			defaultConfigurationName = Release;
		};
/* End XCConfigurationList section */
	};
	rootObject = 83EEB18B238F26CB00A9C785 /* Project object */;
}
